schema: '2.0'
stages:
  data_ingestion:
    cmd: python src/data/data_ingestion.py
    deps:
    - path: src/data/data_ingestion.py
      hash: md5
      md5: 271bd5b9167471eaacad54368f09e1c9
      size: 3304
    params:
      params.yaml:
        data_ingestion.test_size: 0.2
    outs:
    - path: data/raw
      hash: md5
      md5: 69f03b215ca67734087c089ae0bebad0.dir
      size: 648741
      nfiles: 2
  data_preprocessing:
    cmd: python src/data/data_preprocessing.py
    deps:
    - path: data/raw
      hash: md5
      md5: 69f03b215ca67734087c089ae0bebad0.dir
      size: 648741
      nfiles: 2
    - path: src/data/data_preprocessing.py
      hash: md5
      md5: c86fdf71eb55cab5c4fbf6882d18091b
      size: 2826
    outs:
    - path: data/interim
      hash: md5
      md5: da29ad32a6cde0bbacdb3a98eb96a2ff.dir
      size: 400671
      nfiles: 2
  feature_engineering:
    cmd: python src/features/feature_engineering.py
    deps:
    - path: data/interim
      hash: md5
      md5: da29ad32a6cde0bbacdb3a98eb96a2ff.dir
      size: 400671
      nfiles: 2
    - path: src/features/feature_engineering.py
      hash: md5
      md5: c1e9ac62f2a96b3be93c1afc49eaf5ee
      size: 3350
    params:
      params.yaml:
        feature_engineering.max_features: 50
    outs:
    - path: data/processed
      hash: md5
      md5: 412a8d80670a6c663570a0ea985e6c05.dir
      size: 51381
      nfiles: 2
    - path: models/vectorizer.pkl
      hash: md5
      md5: 8b3aeb29c2b97adfb91f41b098999813
      size: 1862
  model_building:
    cmd: python src/model/model_building.py
    deps:
    - path: data/processed
      hash: md5
      md5: 412a8d80670a6c663570a0ea985e6c05.dir
      size: 51381
      nfiles: 2
    - path: src/model/model_building.py
      hash: md5
      md5: a41d470ad5e2503dd6b59f056f78b533
      size: 1802
    outs:
    - path: models/model.pkl
      hash: md5
      md5: 851ab628b1463f329e8c8b22f3ec56f5
      size: 1114
  model_evaluation:
    cmd: python src/model/model_evaluation.py
    deps:
    - path: models/model.pkl
      hash: md5
      md5: 851ab628b1463f329e8c8b22f3ec56f5
      size: 1114
    - path: src/model/model_evaluation.py
      hash: md5
      md5: f2bda98c1f8735fb17c55375c9645596
      size: 5474
    outs:
    - path: reports/experiment_info.json
      hash: md5
      md5: cff5d014da9ad4ac6745ab8d8e05d30f
      size: 79
    - path: reports/metrics.json
      hash: md5
      md5: 6d9431e473b27ce3f2c25cdd1caa238b
      size: 126
  model_registration:
    cmd: python src/model/register_model.py
    deps:
    - path: reports/experiment_info.json
      hash: md5
      md5: cff5d014da9ad4ac6745ab8d8e05d30f
      size: 79
    - path: src/model/register_model.py
      hash: md5
      md5: 477ce4d8786d031d3d20d5cbe2b01ccc
      size: 3115
